
Microsoft Visual Studio Solution File, Format Version 12.00
# Visual Studio Version 16
VisualStudioVersion = 16.0.30517.126
MinimumVisualStudioVersion = 10.0.40219.1
Project("{FAE04EC0-301F-11D3-BF4B-00C04F79EFBC}") = "LR2ASP", "LR2ASP\LR2ASP.csproj", "{CEF10028-8E10-433D-A7EE-778A3C8DC5CF}"
EndProject
Global
	GlobalSection(SolutionConfigurationPlatforms) = preSolution
		Debug|Any CPU = Debug|Any CPU
		Release|Any CPU = Release|Any CPU
	EndGlobalSection
	GlobalSection(ProjectConfigurationPlatforms) = postSolution
		{CEF10028-8E10-433D-A7EE-778A3C8DC5CF}.Debug|Any CPU.ActiveCfg = Debug|Any CPU
		{CEF10028-8E10-433D-A7EE-778A3C8DC5CF}.Debug|Any CPU.Build.0 = Debug|Any CPU
		{CEF10028-8E10-433D-A7EE-778A3C8DC5CF}.Release|Any CPU.ActiveCfg = Release|Any CPU
		{CEF10028-8E10-433D-A7EE-778A3C8DC5CF}.Release|Any CPU.Build.0 = Release|Any CPU
	EndGlobalSection
	GlobalSection(SolutionProperties) = preSolution
		HideSolutionNode = FALSE
	EndGlobalSection
	GlobalSection(ExtensibilityGlobals) = postSolution
		SolutionGuid = {3AF21E5B-4E18-441D-A26A-B66B124DD35C}
	EndGlobalSection
EndGlobal
